
Microsoft Visual Studio Solution File, Format Version 12.00
# Visual Studio Version 16
VisualStudioVersion = 16.0.31402.337
MinimumVisualStudioVersion = 10.0.40219.1
Project("{9A19103F-16F7-4668-BE54-9A1E7A4F7556}") = "きどく", "きどく.csproj", "{CFC63545-AA4D-4546-AF2E-CCC27657E784}"
EndProject
Global
	GlobalSection(SolutionConfigurationPlatforms) = preSolution
		Debug|Any CPU = Debug|Any CPU
		Release|Any CPU = Release|Any CPU
	EndGlobalSection
	GlobalSection(ProjectConfigurationPlatforms) = postSolution
		{CFC63545-AA4D-4546-AF2E-CCC27657E784}.Debug|Any CPU.ActiveCfg = Debug|Any CPU
		{CFC63545-AA4D-4546-AF2E-CCC27657E784}.Debug|Any CPU.Build.0 = Debug|Any CPU
		{CFC63545-AA4D-4546-AF2E-CCC27657E784}.Release|Any CPU.ActiveCfg = Release|Any CPU
		{CFC63545-AA4D-4546-AF2E-CCC27657E784}.Release|Any CPU.Build.0 = Release|Any CPU
	EndGlobalSection
	GlobalSection(SolutionProperties) = preSolution
		HideSolutionNode = FALSE
	EndGlobalSection
	GlobalSection(ExtensibilityGlobals) = postSolution
		SolutionGuid = {9F32034D-B866-4212-BD98-C790DE9E70E3}
	EndGlobalSection
EndGlobal
